
Microsoft Visual Studio Solution File, Format Version 12.00
# Visual Studio 15
VisualStudioVersion = 15.0.26403.7
MinimumVisualStudioVersion = 10.0.40219.1
Project("{FAE04EC0-301F-11D3-BF4B-00C04F79EFBC}") = "LigaMistru", "LigaMistru\LigaMistru.csproj", "{FAEB9F88-79C8-403D-9E39-4C48F9485E0C}"
EndProject
Project("{FAE04EC0-301F-11D3-BF4B-00C04F79EFBC}") = "LigaMistruTests", "LigaMistruTests\LigaMistruTests.csproj", "{FF70AD0D-4D43-4EAC-8072-9B788A0D0095}"
EndProject
Global
	GlobalSection(SolutionConfigurationPlatforms) = preSolution
		Debug|Any CPU = Debug|Any CPU
		Release|Any CPU = Release|Any CPU
	EndGlobalSection
	GlobalSection(ProjectConfigurationPlatforms) = postSolution
		{FAEB9F88-79C8-403D-9E39-4C48F9485E0C}.Debug|Any CPU.ActiveCfg = Debug|Any CPU
		{FAEB9F88-79C8-403D-9E39-4C48F9485E0C}.Debug|Any CPU.Build.0 = Debug|Any CPU
		{FAEB9F88-79C8-403D-9E39-4C48F9485E0C}.Release|Any CPU.ActiveCfg = Release|Any CPU
		{FAEB9F88-79C8-403D-9E39-4C48F9485E0C}.Release|Any CPU.Build.0 = Release|Any CPU
		{FF70AD0D-4D43-4EAC-8072-9B788A0D0095}.Debug|Any CPU.ActiveCfg = Debug|Any CPU
		{FF70AD0D-4D43-4EAC-8072-9B788A0D0095}.Debug|Any CPU.Build.0 = Debug|Any CPU
		{FF70AD0D-4D43-4EAC-8072-9B788A0D0095}.Release|Any CPU.ActiveCfg = Release|Any CPU
		{FF70AD0D-4D43-4EAC-8072-9B788A0D0095}.Release|Any CPU.Build.0 = Release|Any CPU
	EndGlobalSection
	GlobalSection(SolutionProperties) = preSolution
		HideSolutionNode = FALSE
	EndGlobalSection
EndGlobal
