
Microsoft Visual Studio Solution File, Format Version 12.00
# Visual Studio 15
VisualStudioVersion = 15.0.28307.421
MinimumVisualStudioVersion = 10.0.40219.1
Project("{FAE04EC0-301F-11D3-BF4B-00C04F79EFBC}") = "Cviceni02", "Cviceni02\Cviceni02.csproj", "{8F437DD9-D74E-486B-8A99-237E0B301293}"
EndProject
Project("{FAE04EC0-301F-11D3-BF4B-00C04F79EFBC}") = "Utils", "Utils\Utils.csproj", "{7593F061-7169-4AAE-988F-DCFFB3B6A856}"
EndProject
Global
	GlobalSection(SolutionConfigurationPlatforms) = preSolution
		Debug|Any CPU = Debug|Any CPU
		Release|Any CPU = Release|Any CPU
	EndGlobalSection
	GlobalSection(ProjectConfigurationPlatforms) = postSolution
		{8F437DD9-D74E-486B-8A99-237E0B301293}.Debug|Any CPU.ActiveCfg = Debug|Any CPU
		{8F437DD9-D74E-486B-8A99-237E0B301293}.Debug|Any CPU.Build.0 = Debug|Any CPU
		{8F437DD9-D74E-486B-8A99-237E0B301293}.Release|Any CPU.ActiveCfg = Release|Any CPU
		{8F437DD9-D74E-486B-8A99-237E0B301293}.Release|Any CPU.Build.0 = Release|Any CPU
		{7593F061-7169-4AAE-988F-DCFFB3B6A856}.Debug|Any CPU.ActiveCfg = Debug|Any CPU
		{7593F061-7169-4AAE-988F-DCFFB3B6A856}.Debug|Any CPU.Build.0 = Debug|Any CPU
		{7593F061-7169-4AAE-988F-DCFFB3B6A856}.Release|Any CPU.ActiveCfg = Release|Any CPU
		{7593F061-7169-4AAE-988F-DCFFB3B6A856}.Release|Any CPU.Build.0 = Release|Any CPU
	EndGlobalSection
	GlobalSection(SolutionProperties) = preSolution
		HideSolutionNode = FALSE
	EndGlobalSection
	GlobalSection(ExtensibilityGlobals) = postSolution
		SolutionGuid = {546ED932-B06E-46A0-BD24-63A79754AF88}
	EndGlobalSection
EndGlobal
